
Microsoft Visual Studio Solution File, Format Version 12.00
# Visual Studio Version 17
VisualStudioVersion = 17.14.36327.8
MinimumVisualStudioVersion = 10.0.40219.1
Project("{FAE04EC0-301F-11D3-BF4B-00C04F79EFBC}") = "2022-2023HK1", "2022-2023HK1.csproj", "{A5D56817-BCC0-41B4-8547-C3D24290BB00}"
EndProject
Project("{FAE04EC0-301F-11D3-BF4B-00C04F79EFBC}") = "2022-2023HK1Part2", "..\2022-2023HK1Part2\2022-2023HK1Part2.csproj", "{98388E63-6E53-4E33-9301-BF38E32F4CC9}"
EndProject
Project("{FAE04EC0-301F-11D3-BF4B-00C04F79EFBC}") = "2022-2023CLC", "..\2022-2023CLC\2022-2023CLC.csproj", "{35563249-7343-4EA6-8090-FBD09555E449}"
EndProject
Project("{FAE04EC0-301F-11D3-BF4B-00C04F79EFBC}") = "2023-2024HK1", "..\2023-2024HK1\2023-2024HK1.csproj", "{0359E505-A411-46C5-9667-5503D9203337}"
EndProject
Project("{FAE04EC0-301F-11D3-BF4B-00C04F79EFBC}") = "2023-2024HK1Cau2", "..\2023-2024HK1Cau2\2023-2024HK1Cau2.csproj", "{1F60E9AE-64A2-444C-B824-CE1726DB88A8}"
EndProject
Project("{FAE04EC0-301F-11D3-BF4B-00C04F79EFBC}") = "2023-2024HK1Cau3", "..\2022-2023HK1Cau3\2023-2024HK1Cau3.csproj", "{793DE501-C8EE-4244-AAE0-AC068728888A}"
EndProject
Project("{FAE04EC0-301F-11D3-BF4B-00C04F79EFBC}") = "2024-2025HK1CLC", "..\2024-2025HK1CLC\2024-2025HK1CLC.csproj", "{BF316A23-F59A-44A5-9087-88022D839D9C}"
EndProject
Global
	GlobalSection(SolutionConfigurationPlatforms) = preSolution
		Debug|Any CPU = Debug|Any CPU
		Release|Any CPU = Release|Any CPU
	EndGlobalSection
	GlobalSection(ProjectConfigurationPlatforms) = postSolution
		{A5D56817-BCC0-41B4-8547-C3D24290BB00}.Debug|Any CPU.ActiveCfg = Debug|Any CPU
		{A5D56817-BCC0-41B4-8547-C3D24290BB00}.Debug|Any CPU.Build.0 = Debug|Any CPU
		{A5D56817-BCC0-41B4-8547-C3D24290BB00}.Release|Any CPU.ActiveCfg = Release|Any CPU
		{A5D56817-BCC0-41B4-8547-C3D24290BB00}.Release|Any CPU.Build.0 = Release|Any CPU
		{98388E63-6E53-4E33-9301-BF38E32F4CC9}.Debug|Any CPU.ActiveCfg = Debug|Any CPU
		{98388E63-6E53-4E33-9301-BF38E32F4CC9}.Debug|Any CPU.Build.0 = Debug|Any CPU
		{98388E63-6E53-4E33-9301-BF38E32F4CC9}.Release|Any CPU.ActiveCfg = Release|Any CPU
		{98388E63-6E53-4E33-9301-BF38E32F4CC9}.Release|Any CPU.Build.0 = Release|Any CPU
		{35563249-7343-4EA6-8090-FBD09555E449}.Debug|Any CPU.ActiveCfg = Debug|Any CPU
		{35563249-7343-4EA6-8090-FBD09555E449}.Debug|Any CPU.Build.0 = Debug|Any CPU
		{35563249-7343-4EA6-8090-FBD09555E449}.Release|Any CPU.ActiveCfg = Release|Any CPU
		{35563249-7343-4EA6-8090-FBD09555E449}.Release|Any CPU.Build.0 = Release|Any CPU
		{0359E505-A411-46C5-9667-5503D9203337}.Debug|Any CPU.ActiveCfg = Debug|Any CPU
		{0359E505-A411-46C5-9667-5503D9203337}.Debug|Any CPU.Build.0 = Debug|Any CPU
		{0359E505-A411-46C5-9667-5503D9203337}.Release|Any CPU.ActiveCfg = Release|Any CPU
		{0359E505-A411-46C5-9667-5503D9203337}.Release|Any CPU.Build.0 = Release|Any CPU
		{1F60E9AE-64A2-444C-B824-CE1726DB88A8}.Debug|Any CPU.ActiveCfg = Debug|Any CPU
		{1F60E9AE-64A2-444C-B824-CE1726DB88A8}.Debug|Any CPU.Build.0 = Debug|Any CPU
		{1F60E9AE-64A2-444C-B824-CE1726DB88A8}.Release|Any CPU.ActiveCfg = Release|Any CPU
		{1F60E9AE-64A2-444C-B824-CE1726DB88A8}.Release|Any CPU.Build.0 = Release|Any CPU
		{793DE501-C8EE-4244-AAE0-AC068728888A}.Debug|Any CPU.ActiveCfg = Debug|Any CPU
		{793DE501-C8EE-4244-AAE0-AC068728888A}.Debug|Any CPU.Build.0 = Debug|Any CPU
		{793DE501-C8EE-4244-AAE0-AC068728888A}.Release|Any CPU.ActiveCfg = Release|Any CPU
		{793DE501-C8EE-4244-AAE0-AC068728888A}.Release|Any CPU.Build.0 = Release|Any CPU
		{BF316A23-F59A-44A5-9087-88022D839D9C}.Debug|Any CPU.ActiveCfg = Debug|Any CPU
		{BF316A23-F59A-44A5-9087-88022D839D9C}.Debug|Any CPU.Build.0 = Debug|Any CPU
		{BF316A23-F59A-44A5-9087-88022D839D9C}.Release|Any CPU.ActiveCfg = Release|Any CPU
		{BF316A23-F59A-44A5-9087-88022D839D9C}.Release|Any CPU.Build.0 = Release|Any CPU
	EndGlobalSection
	GlobalSection(SolutionProperties) = preSolution
		HideSolutionNode = FALSE
	EndGlobalSection
	GlobalSection(ExtensibilityGlobals) = postSolution
		SolutionGuid = {6985D278-A5D1-4DBA-B580-A8F4A97F08DB}
	EndGlobalSection
EndGlobal
